
Microsoft Visual Studio Solution File, Format Version 12.00
# Visual Studio Version 17
VisualStudioVersion = 17.9.34616.47
MinimumVisualStudioVersion = 10.0.40219.1
Project("{FAE04EC0-301F-11D3-BF4B-00C04F79EFBC}") = "CalculadoraProj", "CalculadoraProj\CalculadoraProj.csproj", "{543D44B2-63EA-4A85-8EED-3D6EDAC7DA9A}"
EndProject
Project("{FAE04EC0-301F-11D3-BF4B-00C04F79EFBC}") = "CalculadoraTests", "CalculadoraTests\CalculadoraTests.csproj", "{2AD9FF10-67E2-46A6-8654-B3010D1F5B0E}"
EndProject
Global
	GlobalSection(SolutionConfigurationPlatforms) = preSolution
		Debug|Any CPU = Debug|Any CPU
		Release|Any CPU = Release|Any CPU
	EndGlobalSection
	GlobalSection(ProjectConfigurationPlatforms) = postSolution
		{543D44B2-63EA-4A85-8EED-3D6EDAC7DA9A}.Debug|Any CPU.ActiveCfg = Debug|Any CPU
		{543D44B2-63EA-4A85-8EED-3D6EDAC7DA9A}.Debug|Any CPU.Build.0 = Debug|Any CPU
		{543D44B2-63EA-4A85-8EED-3D6EDAC7DA9A}.Release|Any CPU.ActiveCfg = Release|Any CPU
		{543D44B2-63EA-4A85-8EED-3D6EDAC7DA9A}.Release|Any CPU.Build.0 = Release|Any CPU
		{2AD9FF10-67E2-46A6-8654-B3010D1F5B0E}.Debug|Any CPU.ActiveCfg = Debug|Any CPU
		{2AD9FF10-67E2-46A6-8654-B3010D1F5B0E}.Debug|Any CPU.Build.0 = Debug|Any CPU
		{2AD9FF10-67E2-46A6-8654-B3010D1F5B0E}.Release|Any CPU.ActiveCfg = Release|Any CPU
		{2AD9FF10-67E2-46A6-8654-B3010D1F5B0E}.Release|Any CPU.Build.0 = Release|Any CPU
	EndGlobalSection
	GlobalSection(SolutionProperties) = preSolution
		HideSolutionNode = FALSE
	EndGlobalSection
	GlobalSection(ExtensibilityGlobals) = postSolution
		SolutionGuid = {13998633-3FAB-42D6-8195-4E8C528F93F1}
	EndGlobalSection
EndGlobal
